
Microsoft Visual Studio Solution File, Format Version 12.00
# Visual Studio Version 17
VisualStudioVersion = 17.7.34302.85
MinimumVisualStudioVersion = 10.0.40219.1
Project("{8BC9CEB8-8B4A-11D0-8D11-00A0C91BC942}") = "xll", "xll.vcxproj", "{7D7375AF-E7E3-42D3-A00F-D8EE22C39924}"
EndProject
Project("{8BC9CEB8-8B4A-11D0-8D11-00A0C91BC942}") = "test", "test\test.vcxproj", "{C907C09D-CA18-41E7-BF71-0E71AC52CFE9}"
EndProject
Project("{54435603-DBB4-11D2-8724-00A0C9A8B90C}") = "setup", "setup\setup.vdproj", "{3A13E244-0F44-442E-9A0D-D35CAB06ECA9}"
EndProject
Project("{2150E333-8FDC-42A3-9474-1A3956D46DE8}") = "Solution Items", "Solution Items", "{ADE9721C-1721-45A0-8828-91E40A81E294}"
	ProjectSection(SolutionItems) = preProject
		xll.bat = xll.bat
	EndProjectSection
EndProject
Project("{8BC9CEB8-8B4A-11D0-8D11-00A0C91BC942}") = "template", "Templates\ProjectTemplates\Visual C++\template.vcxproj", "{004099BA-19DB-4EC1-8462-5A5F7EA57DF2}"
EndProject
Global
	GlobalSection(SolutionConfigurationPlatforms) = preSolution
		Debug|x64 = Debug|x64
		Debug|x86 = Debug|x86
		Release|x64 = Release|x64
		Release|x86 = Release|x86
	EndGlobalSection
	GlobalSection(ProjectConfigurationPlatforms) = postSolution
		{7D7375AF-E7E3-42D3-A00F-D8EE22C39924}.Debug|x64.ActiveCfg = Debug|x64
		{7D7375AF-E7E3-42D3-A00F-D8EE22C39924}.Debug|x64.Build.0 = Debug|x64
		{7D7375AF-E7E3-42D3-A00F-D8EE22C39924}.Debug|x86.ActiveCfg = Debug|Win32
		{7D7375AF-E7E3-42D3-A00F-D8EE22C39924}.Debug|x86.Build.0 = Debug|Win32
		{7D7375AF-E7E3-42D3-A00F-D8EE22C39924}.Release|x64.ActiveCfg = Release|x64
		{7D7375AF-E7E3-42D3-A00F-D8EE22C39924}.Release|x64.Build.0 = Release|x64
		{7D7375AF-E7E3-42D3-A00F-D8EE22C39924}.Release|x86.ActiveCfg = Release|x64
		{C907C09D-CA18-41E7-BF71-0E71AC52CFE9}.Debug|x64.ActiveCfg = Debug|x64
		{C907C09D-CA18-41E7-BF71-0E71AC52CFE9}.Debug|x64.Build.0 = Debug|x64
		{C907C09D-CA18-41E7-BF71-0E71AC52CFE9}.Debug|x86.ActiveCfg = Debug|x64
		{C907C09D-CA18-41E7-BF71-0E71AC52CFE9}.Release|x64.ActiveCfg = Release|x64
		{C907C09D-CA18-41E7-BF71-0E71AC52CFE9}.Release|x64.Build.0 = Release|x64
		{C907C09D-CA18-41E7-BF71-0E71AC52CFE9}.Release|x86.ActiveCfg = Release|x64
		{3A13E244-0F44-442E-9A0D-D35CAB06ECA9}.Debug|x64.ActiveCfg = Debug
		{3A13E244-0F44-442E-9A0D-D35CAB06ECA9}.Debug|x64.Build.0 = Debug
		{3A13E244-0F44-442E-9A0D-D35CAB06ECA9}.Debug|x86.ActiveCfg = Debug
		{3A13E244-0F44-442E-9A0D-D35CAB06ECA9}.Debug|x86.Build.0 = Debug
		{3A13E244-0F44-442E-9A0D-D35CAB06ECA9}.Release|x64.ActiveCfg = Release
		{3A13E244-0F44-442E-9A0D-D35CAB06ECA9}.Release|x64.Build.0 = Release
		{3A13E244-0F44-442E-9A0D-D35CAB06ECA9}.Release|x86.ActiveCfg = Release
		{3A13E244-0F44-442E-9A0D-D35CAB06ECA9}.Release|x86.Build.0 = Release
		{004099BA-19DB-4EC1-8462-5A5F7EA57DF2}.Debug|x64.ActiveCfg = Debug|x64
		{004099BA-19DB-4EC1-8462-5A5F7EA57DF2}.Debug|x64.Build.0 = Debug|x64
		{004099BA-19DB-4EC1-8462-5A5F7EA57DF2}.Debug|x86.ActiveCfg = Debug|x64
		{004099BA-19DB-4EC1-8462-5A5F7EA57DF2}.Debug|x86.Build.0 = Debug|x64
		{004099BA-19DB-4EC1-8462-5A5F7EA57DF2}.Release|x64.ActiveCfg = Release|x64
		{004099BA-19DB-4EC1-8462-5A5F7EA57DF2}.Release|x64.Build.0 = Release|x64
		{004099BA-19DB-4EC1-8462-5A5F7EA57DF2}.Release|x86.ActiveCfg = Release|x64
		{004099BA-19DB-4EC1-8462-5A5F7EA57DF2}.Release|x86.Build.0 = Release|x64
	EndGlobalSection
	GlobalSection(SolutionProperties) = preSolution
		HideSolutionNode = FALSE
	EndGlobalSection
	GlobalSection(ExtensibilityGlobals) = postSolution
		SolutionGuid = {B852D312-BF76-440B-A654-8CC7DC00A807}
	EndGlobalSection
EndGlobal
